version = 1
revision = 3
requires-python = ">=3.15"

[[package]]
name = "c2rust-testsuite"
version = "0.21.0"
source = { virtual = "." }
dependencies = [
    { name = "distro" },
    { name = "jinja2" },
    { name = "pyyaml" },
    { name = "scan-build" },
]

[package.metadata]
requires-dist = [
    { name = "distro", specifier = ">=1.9.0" },
    { name = "jinja2", specifier = ">=3.1.6" },
    { name = "pyyaml", specifier = ">=6.0.3" },
    { name = "scan-build", specifier = ">=2.0.20" },
]

[[package]]
name = "distro"
version = "1.9.0"
source = { registry = "https://pypi.org/simple" }
sdist = { url = "https://files.pythonhosted.org/packages/fc/f8/98eea607f65de6527f8a2e8885fc8015d3e6f5775df186e443e0964a11c3/distro-1.9.0.tar.gz", hash = "sha256:2fa77c6fd8940f116ee1d6b94a2f90b13b5ea8d019b98bc8bafdcabcdd9bdbed", size = 60722, upload-time = "2023-12-24T09:54:32.31Z" }
wheels = [
    { url = "https://files.pythonhosted.org/packages/12/b3/231ffd4ab1fc9d679809f356cebee130ac7daa00d6d6f3206dd4fd137e9e/distro-1.9.0-py3-none-any.whl", hash = "sha256:7bffd925d65168f85027d8da9af6bddab658135b840670a223589bc0c8ef02b2", size = 20277, upload-time = "2023-12-24T09:54:30.421Z" },
]

[[package]]
name = "jinja2"
version = "3.1.6"
source = { registry = "https://pypi.org/simple" }
dependencies = [
    { name = "markupsafe" },
]
sdist = { url = "https://files.pythonhosted.org/packages/df/bf/f7da0350254c0ed7c72f3e33cef02e048281fec7ecec5f032d4aac52226b/jinja2-3.1.6.tar.gz", hash = "sha256:0137fb05990d35f1275a587e9aee6d56da821fc83491a0fb838183be43f66d6d", size = 245115, upload-time = "2025-03-05T20:05:02.478Z" }
wheels = [
    { url = "https://files.pythonhosted.org/packages/62/a1/3d680cbfd5f4b8f15abc1d571870c5fc3e594bb582bc3b64ea099db13e56/jinja2-3.1.6-py3-none-any.whl", hash = "sha256:85ece4451f492d0c13c5dd7c13a64681a86afae63a5f347908daf103ce6d2f67", size = 134899, upload-time = "2025-03-05T20:05:00.369Z" },
]

[[package]]
name = "markupsafe"
version = "3.0.3"
source = { registry = "https://pypi.org/simple" }
sdist = { url = "https://files.pythonhosted.org/packages/7e/99/7690b6d4034fffd95959cbe0c02de8deb3098cc577c67bb6a24fe5d7caa7/markupsafe-3.0.3.tar.gz", hash = "sha256:722695808f4b6457b320fdc131280796bdceb04ab50fe1795cd540799ebe1698", size = 80313, upload-time = "2025-09-27T18:37:40.426Z" }

[[package]]
name = "pyyaml"
version = "6.0.3"
source = { registry = "https://pypi.org/simple" }
sdist = { url = "https://files.pythonhosted.org/packages/05/8e/961c0007c59b8dd7729d542c61a4d537767a59645b82a0b521206e1e25c2/pyyaml-6.0.3.tar.gz", hash = "sha256:d76623373421df22fb4cf8817020cbb7ef15c725b9d5e45f17e189bfc384190f", size = 130960, upload-time = "2025-09-25T21:33:16.546Z" }

[[package]]
name = "scan-build"
version = "2.0.20"
source = { registry = "https://pypi.org/simple" }
sdist = { url = "https://files.pythonhosted.org/packages/f9/66/6a89d51839650913699e5d3dc89ac724db57848ad93723be1c203ab47d05/scan-build-2.0.20.tar.gz", hash = "sha256:f1f9f1dc3daf906ef106077dbac4d872f5740843173dc74070ef3b39da3d0f07", size = 46386, upload-time = "2021-05-17T11:53:01.91Z" }
wheels = [
    { url = "https://files.pythonhosted.org/packages/3f/30/26ceed307db681195ed16c0b854f07c052f2ae4bd2e04d361357df0f0208/scan_build-2.0.20-py3-none-any.whl", hash = "sha256:f61cd6e05269819c8c5fb6d61eabb5cbc3c271ca99b89c096e45f82c454f63ef", size = 49376, upload-time = "2021-05-17T11:52:59.916Z" },
]
